
Microsoft Visual Studio Solution File, Format Version 12.00
# Visual Studio Version 17
VisualStudioVersion = 17.0.31919.166
MinimumVisualStudioVersion = 10.0.40219.1
Project("{FAE04EC0-301F-11D3-BF4B-00C04F79EFBC}") = "AsymmetricCryptography.DataUnits", "AsymmetricCryptography.DataUnits\AsymmetricCryptography.DataUnits.csproj", "{96149334-4587-42FC-B3B5-E08469138466}"
EndProject
Project("{FAE04EC0-301F-11D3-BF4B-00C04F79EFBC}") = "AsymmetricCryptography.Core", "AsymmetricCryptography.Core\AsymmetricCryptography.Core.csproj", "{60B0F5DE-3A4D-4100-9BA3-5CCBFAFB63EA}"
EndProject
Project("{FAE04EC0-301F-11D3-BF4B-00C04F79EFBC}") = "AsymmetricCryptography.EFCore", "AsymmetricCryptography.EFCore\AsymmetricCryptography.EFCore.csproj", "{EFD138A9-793F-434D-A2D4-DD66CF33EBD8}"
EndProject
Project("{FAE04EC0-301F-11D3-BF4B-00C04F79EFBC}") = "AsymmetricCryptography.WPF", "AsymmetricCryptography.WPF\AsymmetricCryptography.WPF.csproj", "{E0EFEF0B-B9CC-4A42-9752-A1731A128F1B}"
EndProject
Project("{FAE04EC0-301F-11D3-BF4B-00C04F79EFBC}") = "AsymmetricCryptography.ConsoleTest", "AsymmetricCryptography.ConsoleTest\AsymmetricCryptography.ConsoleTest.csproj", "{84E52821-AD2A-407E-8B03-692403BC9DAC}"
EndProject
Global
	GlobalSection(SolutionConfigurationPlatforms) = preSolution
		Debug|Any CPU = Debug|Any CPU
		Release|Any CPU = Release|Any CPU
	EndGlobalSection
	GlobalSection(ProjectConfigurationPlatforms) = postSolution
		{96149334-4587-42FC-B3B5-E08469138466}.Debug|Any CPU.ActiveCfg = Debug|Any CPU
		{96149334-4587-42FC-B3B5-E08469138466}.Debug|Any CPU.Build.0 = Debug|Any CPU
		{96149334-4587-42FC-B3B5-E08469138466}.Release|Any CPU.ActiveCfg = Release|Any CPU
		{96149334-4587-42FC-B3B5-E08469138466}.Release|Any CPU.Build.0 = Release|Any CPU
		{60B0F5DE-3A4D-4100-9BA3-5CCBFAFB63EA}.Debug|Any CPU.ActiveCfg = Debug|Any CPU
		{60B0F5DE-3A4D-4100-9BA3-5CCBFAFB63EA}.Debug|Any CPU.Build.0 = Debug|Any CPU
		{60B0F5DE-3A4D-4100-9BA3-5CCBFAFB63EA}.Release|Any CPU.ActiveCfg = Release|Any CPU
		{60B0F5DE-3A4D-4100-9BA3-5CCBFAFB63EA}.Release|Any CPU.Build.0 = Release|Any CPU
		{EFD138A9-793F-434D-A2D4-DD66CF33EBD8}.Debug|Any CPU.ActiveCfg = Debug|Any CPU
		{EFD138A9-793F-434D-A2D4-DD66CF33EBD8}.Debug|Any CPU.Build.0 = Debug|Any CPU
		{EFD138A9-793F-434D-A2D4-DD66CF33EBD8}.Release|Any CPU.ActiveCfg = Release|Any CPU
		{EFD138A9-793F-434D-A2D4-DD66CF33EBD8}.Release|Any CPU.Build.0 = Release|Any CPU
		{E0EFEF0B-B9CC-4A42-9752-A1731A128F1B}.Debug|Any CPU.ActiveCfg = Debug|Any CPU
		{E0EFEF0B-B9CC-4A42-9752-A1731A128F1B}.Debug|Any CPU.Build.0 = Debug|Any CPU
		{E0EFEF0B-B9CC-4A42-9752-A1731A128F1B}.Release|Any CPU.ActiveCfg = Release|Any CPU
		{E0EFEF0B-B9CC-4A42-9752-A1731A128F1B}.Release|Any CPU.Build.0 = Release|Any CPU
		{84E52821-AD2A-407E-8B03-692403BC9DAC}.Debug|Any CPU.ActiveCfg = Debug|Any CPU
		{84E52821-AD2A-407E-8B03-692403BC9DAC}.Debug|Any CPU.Build.0 = Debug|Any CPU
		{84E52821-AD2A-407E-8B03-692403BC9DAC}.Release|Any CPU.ActiveCfg = Release|Any CPU
		{84E52821-AD2A-407E-8B03-692403BC9DAC}.Release|Any CPU.Build.0 = Release|Any CPU
	EndGlobalSection
	GlobalSection(SolutionProperties) = preSolution
		HideSolutionNode = FALSE
	EndGlobalSection
	GlobalSection(ExtensibilityGlobals) = postSolution
		SolutionGuid = {93E5456E-75B0-4CE5-A3EF-EF96772953D5}
	EndGlobalSection
EndGlobal
