
Microsoft Visual Studio Solution File, Format Version 12.00
# Visual Studio Version 16
VisualStudioVersion = 16.0.29926.136
MinimumVisualStudioVersion = 10.0.40219.1
Project("{9A19103F-16F7-4668-BE54-9A1E7A4F7556}") = "AsymmetricCryptography", "AsymmetricCryptography\AsymmetricCryptography.csproj", "{C1820449-DB72-44E7-B98D-71CF08A4A433}"
EndProject
Project("{9A19103F-16F7-4668-BE54-9A1E7A4F7556}") = "AsymmetricCryptographyLib", "AsymmetricCryptographyLib\AsymmetricCryptographyLib.csproj", "{A913D563-082D-495F-AA1D-BCCFA0CAC483}"
EndProject
Project("{FAE04EC0-301F-11D3-BF4B-00C04F79EFBC}") = "AsymmetricCryptographyWPF", "AsymmetricCryptographyWPF\AsymmetricCryptographyWPF.csproj", "{E1453625-189E-4F1C-BD44-58455CA4EFB8}"
EndProject
Global
	GlobalSection(SolutionConfigurationPlatforms) = preSolution
		Debug|Any CPU = Debug|Any CPU
		Release|Any CPU = Release|Any CPU
	EndGlobalSection
	GlobalSection(ProjectConfigurationPlatforms) = postSolution
		{C1820449-DB72-44E7-B98D-71CF08A4A433}.Debug|Any CPU.ActiveCfg = Debug|Any CPU
		{C1820449-DB72-44E7-B98D-71CF08A4A433}.Debug|Any CPU.Build.0 = Debug|Any CPU
		{C1820449-DB72-44E7-B98D-71CF08A4A433}.Release|Any CPU.ActiveCfg = Release|Any CPU
		{C1820449-DB72-44E7-B98D-71CF08A4A433}.Release|Any CPU.Build.0 = Release|Any CPU
		{A913D563-082D-495F-AA1D-BCCFA0CAC483}.Debug|Any CPU.ActiveCfg = Debug|Any CPU
		{A913D563-082D-495F-AA1D-BCCFA0CAC483}.Debug|Any CPU.Build.0 = Debug|Any CPU
		{A913D563-082D-495F-AA1D-BCCFA0CAC483}.Release|Any CPU.ActiveCfg = Release|Any CPU
		{A913D563-082D-495F-AA1D-BCCFA0CAC483}.Release|Any CPU.Build.0 = Release|Any CPU
		{E1453625-189E-4F1C-BD44-58455CA4EFB8}.Debug|Any CPU.ActiveCfg = Debug|Any CPU
		{E1453625-189E-4F1C-BD44-58455CA4EFB8}.Debug|Any CPU.Build.0 = Debug|Any CPU
		{E1453625-189E-4F1C-BD44-58455CA4EFB8}.Release|Any CPU.ActiveCfg = Release|Any CPU
		{E1453625-189E-4F1C-BD44-58455CA4EFB8}.Release|Any CPU.Build.0 = Release|Any CPU
	EndGlobalSection
	GlobalSection(SolutionProperties) = preSolution
		HideSolutionNode = FALSE
	EndGlobalSection
	GlobalSection(ExtensibilityGlobals) = postSolution
		SolutionGuid = {23B05515-1A45-4E16-8A29-D6469B697B4A}
	EndGlobalSection
EndGlobal
